
Microsoft Visual Studio Solution File, Format Version 12.00
# Visual Studio Version 17
VisualStudioVersion = 17.11.35312.102
MinimumVisualStudioVersion = 10.0.40219.1
Project("{9A19103F-16F7-4668-BE54-9A1E7A4F7556}") = "TarefaPortfolio", "TarefaPortfolio.csproj", "{19414C33-94A7-49E3-8963-76E2E49F4634}"
EndProject
Global
	GlobalSection(SolutionConfigurationPlatforms) = preSolution
		Debug|Any CPU = Debug|Any CPU
		Release|Any CPU = Release|Any CPU
	EndGlobalSection
	GlobalSection(ProjectConfigurationPlatforms) = postSolution
		{19414C33-94A7-49E3-8963-76E2E49F4634}.Debug|Any CPU.ActiveCfg = Debug|Any CPU
		{19414C33-94A7-49E3-8963-76E2E49F4634}.Debug|Any CPU.Build.0 = Debug|Any CPU
		{19414C33-94A7-49E3-8963-76E2E49F4634}.Release|Any CPU.ActiveCfg = Release|Any CPU
		{19414C33-94A7-49E3-8963-76E2E49F4634}.Release|Any CPU.Build.0 = Release|Any CPU
	EndGlobalSection
	GlobalSection(SolutionProperties) = preSolution
		HideSolutionNode = FALSE
	EndGlobalSection
	GlobalSection(ExtensibilityGlobals) = postSolution
		SolutionGuid = {D7ACD350-26E7-4E0D-BD39-C453825E3582}
	EndGlobalSection
EndGlobal
